[root]
name = "silica-olimex-p207-demo"
version = "0.0.1"
dependencies = [
 "silica 0.0.1",
 "silica-olimex-p207 0.1.0",
]

[[package]]
name = "compiler_builtins"
version = "0.1.0"
source = "git+https://github.com/rust-lang-nursery/compiler-builtins.git?branch=auto#280d19f1127aa80739f4179152b11a5f7d36d79f"

[[package]]
name = "silica"
version = "0.0.1"
dependencies = [
 "silica-allocator 0.1.0",
 "silica-panic 0.1.0",
]

[[package]]
name = "silica-allocator"
version = "0.1.0"
dependencies = [
 "silica-chunks 0.1.0",
]

[[package]]
name = "silica-chunks"
version = "0.1.0"

[[package]]
name = "silica-cortexm3"
version = "0.1.0"

[[package]]
name = "silica-olimex-p207"
version = "0.1.0"
dependencies = [
 "silica-stm32f207 0.1.0",
 "silica-stm32f2xx 0.1.0",
]

[[package]]
name = "silica-panic"
version = "0.1.0"

[[package]]
name = "silica-stm32f207"
version = "0.1.0"
dependencies = [
 "silica-stm32f2xx 0.1.0",
]

[[package]]
name = "silica-stm32f2xx"
version = "0.1.0"
dependencies = [
 "compiler_builtins 0.1.0 (git+https://github.com/rust-lang-nursery/compiler-builtins.git?branch=auto)",
 "silica 0.0.1",
 "silica-cortexm3 0.1.0",
]

[metadata]
"checksum compiler_builtins 0.1.0 (git+https://github.com/rust-lang-nursery/compiler-builtins.git?branch=auto)" = "<none>"
